<?xml version="1.0" encoding="utf-8"?>
<Project ToolsVersion="4.0" xmlns="http://schemas.microsoft.com/developer/msbuild/2003">
  <ItemGroup>
    <Filter Include="Source Files">
      <UniqueIdentifier>{4FC737F1-C7A5-4376-A066-2A32D752A2FF}</UniqueIdentifier>
      <Extensions>cpp;c;cc;cxx;def;odl;idl;hpj;bat;asm;asmx</Extensions>
    </Filter>
    <Filter Include="Header Files">
      <UniqueIdentifier>{93995380-89BD-4b04-88EB-625FBE52EBFB}</UniqueIdentifier>
      <Extensions>h;hpp;hxx;hm;inl;inc;xsd</Extensions>
    </Filter>
    <Filter Include="Resource Files">
      <UniqueIdentifier>{67DA6AB6-F800-4c08-8B7A-83BB121AAD01}</UniqueIdentifier>
      <Extensions>rc;ico;cur;bmp;dlg;rc2;rct;bin;rgs;gif;jpg;jpeg;jpe;resx;tiff;tif;png;wav;mfcribbon-ms</Extensions>
    </Filter>
  </ItemGroup>
  <ItemGroup>
    <ClCompile Include="nvsfile.cpp">
      <Filter>Source Files</Filter>
    </ClCompile>
    <ClCompile Include="changerecord.cpp">
      <Filter>Source Files</Filter>
    </ClCompile>
    <ClCompile Include="modfile.cpp">
      <Filter>Source Files</Filter>
    </ClCompile>
    <ClCompile Include="form.cpp">
      <Filter>Source Files</Filter>
    </ClCompile>
    <ClCompile Include="packagedata.cpp">
      <Filter>Source Files</Filter>
    </ClCompile>
  </ItemGroup>
  <ItemGroup>
    <Library Include="..\zlib\zlib.lib" />
  </ItemGroup>
  <ItemGroup>
    <ClInclude Include="worldspacetypegroup.h">
      <Filter>Header Files</Filter>
    </ClInclude>
    <ClInclude Include="cellchildgroup.h">
      <Filter>Header Files</Filter>
    </ClInclude>
    <ClInclude Include="celltypegroup.h">
      <Filter>Header Files</Filter>
    </ClInclude>
    <ClInclude Include="dialoguetypegroup.h">
      <Filter>Header Files</Filter>
    </ClInclude>
    <ClInclude Include="exteriorblockgroup.h">
      <Filter>Header Files</Filter>
    </ClInclude>
    <ClInclude Include="exteriorsubblockgroup.h">
      <Filter>Header Files</Filter>
    </ClInclude>
    <ClInclude Include="fileread.h">
      <Filter>Header Files</Filter>
    </ClInclude>
    <ClInclude Include="filewrite.h">
      <Filter>Header Files</Filter>
    </ClInclude>
    <ClInclude Include="form.h">
      <Filter>Header Files</Filter>
    </ClInclude>
    <ClInclude Include="formgroup.h">
      <Filter>Header Files</Filter>
    </ClInclude>
    <ClInclude Include="nvsfile.h">
      <Filter>Header Files</Filter>
    </ClInclude>
    <ClInclude Include="gamesettingform.h">
      <Filter>Header Files</Filter>
    </ClInclude>
    <ClInclude Include="interiorblockgroup.h">
      <Filter>Header Files</Filter>
    </ClInclude>
    <ClInclude Include="interiorsubblockgroup.h">
      <Filter>Header Files</Filter>
    </ClInclude>
    <ClInclude Include="modfile.h">
      <Filter>Header Files</Filter>
    </ClInclude>
    <ClInclude Include="tes4form.h">
      <Filter>Header Files</Filter>
    </ClInclude>
    <ClInclude Include="typegroup.h">
      <Filter>Header Files</Filter>
    </ClInclude>
    <ClInclude Include="worldchildrengroup.h">
      <Filter>Header Files</Filter>
    </ClInclude>
    <ClInclude Include="texturesetform.h">
      <Filter>Header Files</Filter>
    </ClInclude>
    <ClInclude Include="globalform.h">
      <Filter>Header Files</Filter>
    </ClInclude>
    <ClInclude Include="classform.h">
      <Filter>Header Files</Filter>
    </ClInclude>
    <ClInclude Include="factionform.h">
      <Filter>Header Files</Filter>
    </ClInclude>
    <ClInclude Include="soundform.h">
      <Filter>Header Files</Filter>
    </ClInclude>
    <ClInclude Include="acousticspaceform.h">
      <Filter>Header Files</Filter>
    </ClInclude>
    <ClInclude Include="magiceffectform.h">
      <Filter>Header Files</Filter>
    </ClInclude>
    <ClInclude Include="scriptform.h">
      <Filter>Header Files</Filter>
    </ClInclude>
    <ClInclude Include="landscapetextureform.h">
      <Filter>Header Files</Filter>
    </ClInclude>
    <ClInclude Include="enchantmentform.h">
      <Filter>Header Files</Filter>
    </ClInclude>
    <ClInclude Include="spellform.h">
      <Filter>Header Files</Filter>
    </ClInclude>
    <ClInclude Include="fodata.h">
      <Filter>Header Files</Filter>
    </ClInclude>
    <ClInclude Include="activatorform.h">
      <Filter>Header Files</Filter>
    </ClInclude>
    <ClInclude Include="talkingactivatorform.h">
      <Filter>Header Files</Filter>
    </ClInclude>
    <ClInclude Include="terminalform.h">
      <Filter>Header Files</Filter>
    </ClInclude>
    <ClInclude Include="armorform.h">
      <Filter>Header Files</Filter>
    </ClInclude>
    <ClInclude Include="boundobjectform.h">
      <Filter>Header Files</Filter>
    </ClInclude>
    <ClInclude Include="formcomponents.h">
      <Filter>Header Files</Filter>
    </ClInclude>
    <ClInclude Include="magicform.h">
      <Filter>Header Files</Filter>
    </ClInclude>
    <ClInclude Include="containerform.h">
      <Filter>Header Files</Filter>
    </ClInclude>
    <ClInclude Include="doorform.h">
      <Filter>Header Files</Filter>
    </ClInclude>
    <ClInclude Include="lightform.h">
      <Filter>Header Files</Filter>
    </ClInclude>
    <ClInclude Include="miscform.h">
      <Filter>Header Files</Filter>
    </ClInclude>
    <ClInclude Include="staticform.h">
      <Filter>Header Files</Filter>
    </ClInclude>
    <ClInclude Include="staticcollectionform.h">
      <Filter>Header Files</Filter>
    </ClInclude>
    <ClInclude Include="moveablestaticform.h">
      <Filter>Header Files</Filter>
    </ClInclude>
    <ClInclude Include="furnitureform.h">
      <Filter>Header Files</Filter>
    </ClInclude>
    <ClInclude Include="cellform.h">
      <Filter>Header Files</Filter>
    </ClInclude>
    <ClInclude Include="extradataform.h">
      <Filter>Header Files</Filter>
    </ClInclude>
    <ClInclude Include="refrform.h">
      <Filter>Header Files</Filter>
    </ClInclude>
    <ClInclude Include="messageform.h">
      <Filter>Header Files</Filter>
    </ClInclude>
    <ClInclude Include="worldspaceform.h">
      <Filter>Header Files</Filter>
    </ClInclude>
    <ClInclude Include="landform.h">
      <Filter>Header Files</Filter>
    </ClInclude>
    <ClInclude Include="navmeshform.h">
      <Filter>Header Files</Filter>
    </ClInclude>
    <ClInclude Include="navmeshinfomapform.h">
      <Filter>Header Files</Filter>
    </ClInclude>
    <ClInclude Include="npcform.h">
      <Filter>Header Files</Filter>
    </ClInclude>
    <ClInclude Include="placeablewaterform.h">
      <Filter>Header Files</Filter>
    </ClInclude>
    <ClInclude Include="actorbaseform.h">
      <Filter>Header Files</Filter>
    </ClInclude>
    <ClInclude Include="leveleditemform.h">
      <Filter>Header Files</Filter>
    </ClInclude>
    <ClInclude Include="formlistform.h">
      <Filter>Header Files</Filter>
    </ClInclude>
    <ClInclude Include="camerashotform.h">
      <Filter>Header Files</Filter>
    </ClInclude>
    <ClInclude Include="weaponform.h">
      <Filter>Header Files</Filter>
    </ClInclude>
    <ClInclude Include="creatureform.h">
      <Filter>Header Files</Filter>
    </ClInclude>
    <ClInclude Include="noteform.h">
      <Filter>Header Files</Filter>
    </ClInclude>
    <ClInclude Include="ammoform.h">
      <Filter>Header Files</Filter>
    </ClInclude>
    <ClInclude Include="bookform.h">
      <Filter>Header Files</Filter>
    </ClInclude>
    <ClInclude Include="alchemyform.h">
      <Filter>Header Files</Filter>
    </ClInclude>
    <ClInclude Include="magicobject.h">
      <Filter>Header Files</Filter>
    </ClInclude>
    <ClInclude Include="dialogresponseform.h">
      <Filter>Header Files</Filter>
    </ClInclude>
    <ClInclude Include="dialogform.h">
      <Filter>Header Files</Filter>
    </ClInclude>
    <ClInclude Include="questform.h">
      <Filter>Header Files</Filter>
    </ClInclude>
    <ClInclude Include="packageform.h">
      <Filter>Header Files</Filter>
    </ClInclude>
    <ClInclude Include="raceform.h">
      <Filter>Header Files</Filter>
    </ClInclude>
    <ClInclude Include="waterform.h">
      <Filter>Header Files</Filter>
    </ClInclude>
    <ClInclude Include="actorvalueinfoform.h">
      <Filter>Header Files</Filter>
    </ClInclude>
    <ClInclude Include="headpartform.h">
      <Filter>Header Files</Filter>
    </ClInclude>
    <ClInclude Include="leveledactorform.h">
      <Filter>Header Files</Filter>
    </ClInclude>
    <ClInclude Include="idlemarkerform.h">
      <Filter>Header Files</Filter>
    </ClInclude>
    <ClInclude Include="projectileform.h">
      <Filter>Header Files</Filter>
    </ClInclude>
    <ClInclude Include="loadscreenform.h">
      <Filter>Header Files</Filter>
    </ClInclude>
    <ClInclude Include="perkform.h">
      <Filter>Header Files</Filter>
    </ClInclude>
    <ClInclude Include="voicetypeform.h">
      <Filter>Header Files</Filter>
    </ClInclude>
    <ClInclude Include="imagespacemodifierform.h">
      <Filter>Header Files</Filter>
    </ClInclude>
    <ClInclude Include="armoraddonform.h">
      <Filter>Header Files</Filter>
    </ClInclude>
    <ClInclude Include="ingredientitemform.h">
      <Filter>Header Files</Filter>
    </ClInclude>
    <ClInclude Include="regionform.h">
      <Filter>Header Files</Filter>
    </ClInclude>
    <ClInclude Include="bodypartdataform.h">
      <Filter>Header Files</Filter>
    </ClInclude>
    <ClInclude Include="debrisform.h">
      <Filter>Header Files</Filter>
    </ClInclude>
    <ClInclude Include="explosionform.h">
      <Filter>Header Files</Filter>
    </ClInclude>
    <ClInclude Include="idleform.h">
      <Filter>Header Files</Filter>
    </ClInclude>
    <ClInclude Include="animatedobjectform.h">
      <Filter>Header Files</Filter>
    </ClInclude>
    <ClInclude Include="hairform.h">
      <Filter>Header Files</Filter>
    </ClInclude>
    <ClInclude Include="camerapathform.h">
      <Filter>Header Files</Filter>
    </ClInclude>
    <ClInclude Include="climateform.h">
      <Filter>Header Files</Filter>
    </ClInclude>
    <ClInclude Include="weatherform.h">
      <Filter>Header Files</Filter>
    </ClInclude>
    <ClInclude Include="combatstyleform.h">
      <Filter>Header Files</Filter>
    </ClInclude>
    <ClInclude Include="effectshaderform.h">
      <Filter>Header Files</Filter>
    </ClInclude>
    <ClInclude Include="eyesform.h">
      <Filter>Header Files</Filter>
    </ClInclude>
    <ClInclude Include="grassform.h">
      <Filter>Header Files</Filter>
    </ClInclude>
    <ClInclude Include="treeform.h">
      <Filter>Header Files</Filter>
    </ClInclude>
    <ClInclude Include="encounterzoneform.h">
      <Filter>Header Files</Filter>
    </ClInclude>
    <ClInclude Include="imagespaceform.h">
      <Filter>Header Files</Filter>
    </ClInclude>
    <ClInclude Include="ragdollform.h">
      <Filter>Header Files</Filter>
    </ClInclude>
    <ClInclude Include="musictypeform.h">
      <Filter>Header Files</Filter>
    </ClInclude>
    <ClInclude Include="menuiconform.h">
      <Filter>Header Files</Filter>
    </ClInclude>
    <ClInclude Include="addonnodeform.h">
      <Filter>Header Files</Filter>
    </ClInclude>
    <ClInclude Include="impactdataform.h">
      <Filter>Header Files</Filter>
    </ClInclude>
    <ClInclude Include="impactdatasetform.h">
      <Filter>Header Files</Filter>
    </ClInclude>
    <ClInclude Include="lightingtemplateform.h">
      <Filter>Header Files</Filter>
    </ClInclude>
    <ClInclude Include="radiationstageform.h">
      <Filter>Header Files</Filter>
    </ClInclude>
    <ClInclude Include="defaultobjectmanagerform.h">
      <Filter>Header Files</Filter>
    </ClInclude>
    <ClInclude Include="reputationform.h">
      <Filter>Header Files</Filter>
    </ClInclude>
    <ClInclude Include="itemmodform.h">
      <Filter>Header Files</Filter>
    </ClInclude>
    <ClInclude Include="recipeform.h">
      <Filter>Header Files</Filter>
    </ClInclude>
    <ClInclude Include="recipecategoryform.h">
      <Filter>Header Files</Filter>
    </ClInclude>
    <ClInclude Include="challengeform.h">
      <Filter>Header Files</Filter>
    </ClInclude>
    <ClInclude Include="ammoeffectform.h">
      <Filter>Header Files</Filter>
    </ClInclude>
    <ClInclude Include="medialocationcontrollerform.h">
      <Filter>Header Files</Filter>
    </ClInclude>
    <ClInclude Include="mediasetform.h">
      <Filter>Header Files</Filter>
    </ClInclude>
    <ClInclude Include="caravancardform.h">
      <Filter>Header Files</Filter>
    </ClInclude>
    <ClInclude Include="casinochipform.h">
      <Filter>Header Files</Filter>
    </ClInclude>
    <ClInclude Include="casinoform.h">
      <Filter>Header Files</Filter>
    </ClInclude>
    <ClInclude Include="loadscreentypeform.h">
      <Filter>Header Files</Filter>
    </ClInclude>
    <ClInclude Include="caravanmoneyform.h">
      <Filter>Header Files</Filter>
    </ClInclude>
    <ClInclude Include="caravandeckform.h">
      <Filter>Header Files</Filter>
    </ClInclude>
  </ItemGroup>
</Project>